
Microsoft Visual Studio Solution File, Format Version 12.00
# Visual Studio Version 17
VisualStudioVersion = 17.6.33829.357
MinimumVisualStudioVersion = 10.0.40219.1
Project("{FAE04EC0-301F-11D3-BF4B-00C04F79EFBC}") = "ExamApp", "ExamApp\ExamApp.csproj", "{0FE70369-DD06-4766-9A10-FC29A280C957}"
EndProject
Global
	GlobalSection(SolutionConfigurationPlatforms) = preSolution
		Debug|Any CPU = Debug|Any CPU
		Release|Any CPU = Release|Any CPU
	EndGlobalSection
	GlobalSection(ProjectConfigurationPlatforms) = postSolution
		{0FE70369-DD06-4766-9A10-FC29A280C957}.Debug|Any CPU.ActiveCfg = Debug|Any CPU
		{0FE70369-DD06-4766-9A10-FC29A280C957}.Debug|Any CPU.Build.0 = Debug|Any CPU
		{0FE70369-DD06-4766-9A10-FC29A280C957}.Release|Any CPU.ActiveCfg = Release|Any CPU
		{0FE70369-DD06-4766-9A10-FC29A280C957}.Release|Any CPU.Build.0 = Release|Any CPU
	EndGlobalSection
	GlobalSection(SolutionProperties) = preSolution
		HideSolutionNode = FALSE
	EndGlobalSection
	GlobalSection(ExtensibilityGlobals) = postSolution
		SolutionGuid = {9AA42A28-29A7-4FAB-9A32-72A5A22C1C4B}
	EndGlobalSection
EndGlobal
